
Microsoft Visual Studio Solution File, Format Version 12.00
# Visual Studio Version 17
VisualStudioVersion = 17.0.31903.59
MinimumVisualStudioVersion = 10.0.40219.1
Project("{2150E333-8FDC-42A3-9474-1A3956D46DE8}") = "src", "src", "{827E0CD3-B72D-47B6-A68D-7590B98EB39B}"
EndProject
Project("{FAE04EC0-301F-11D3-BF4B-00C04F79EFBC}") = "Shopify.Application", "src\Shopify.Application\Shopify.Application.csproj", "{C1610152-CBA8-434F-8CB0-68DD505C5877}"
EndProject
Project("{FAE04EC0-301F-11D3-BF4B-00C04F79EFBC}") = "Shopify.Domain", "src\Shopify.Domain\Shopify.Domain.csproj", "{4EE4AACA-24AF-46D9-8B11-B2ED02277EDC}"
EndProject
Project("{FAE04EC0-301F-11D3-BF4B-00C04F79EFBC}") = "Shopify.Infrastructure", "src\Shopify.Infrastructure\Shopify.Infrastructure.csproj", "{735C96D0-0217-4D3C-8D67-0F79F7A334DB}"
EndProject
Project("{FAE04EC0-301F-11D3-BF4B-00C04F79EFBC}") = "Shopify.Web", "src\Shopify.Web\Shopify.Web.csproj", "{0D49E157-9ED8-46D2-BB59-F7F5CD9A2542}"
EndProject
Project("{2150E333-8FDC-42A3-9474-1A3956D46DE8}") = "tests", "tests", "{C56D534F-80F1-46DA-A4C4-C422C02D7819}"
EndProject
Project("{FAE04EC0-301F-11D3-BF4B-00C04F79EFBC}") = "Shopify.Infrastructure.Tests.Unit", "tests\Shopify.Infrastructure.Tests.Unit\Shopify.Infrastructure.Tests.Unit.csproj", "{3F3F6E5D-5CD9-4E83-B1D0-63071FBA364C}"
EndProject
Global
	GlobalSection(SolutionConfigurationPlatforms) = preSolution
		Debug|Any CPU = Debug|Any CPU
		Debug|x64 = Debug|x64
		Debug|x86 = Debug|x86
		Release|Any CPU = Release|Any CPU
		Release|x64 = Release|x64
		Release|x86 = Release|x86
	EndGlobalSection
	GlobalSection(ProjectConfigurationPlatforms) = postSolution
		{C1610152-CBA8-434F-8CB0-68DD505C5877}.Debug|Any CPU.ActiveCfg = Debug|Any CPU
		{C1610152-CBA8-434F-8CB0-68DD505C5877}.Debug|Any CPU.Build.0 = Debug|Any CPU
		{C1610152-CBA8-434F-8CB0-68DD505C5877}.Debug|x64.ActiveCfg = Debug|Any CPU
		{C1610152-CBA8-434F-8CB0-68DD505C5877}.Debug|x64.Build.0 = Debug|Any CPU
		{C1610152-CBA8-434F-8CB0-68DD505C5877}.Debug|x86.ActiveCfg = Debug|Any CPU
		{C1610152-CBA8-434F-8CB0-68DD505C5877}.Debug|x86.Build.0 = Debug|Any CPU
		{C1610152-CBA8-434F-8CB0-68DD505C5877}.Release|Any CPU.ActiveCfg = Release|Any CPU
		{C1610152-CBA8-434F-8CB0-68DD505C5877}.Release|Any CPU.Build.0 = Release|Any CPU
		{C1610152-CBA8-434F-8CB0-68DD505C5877}.Release|x64.ActiveCfg = Release|Any CPU
		{C1610152-CBA8-434F-8CB0-68DD505C5877}.Release|x64.Build.0 = Release|Any CPU
		{C1610152-CBA8-434F-8CB0-68DD505C5877}.Release|x86.ActiveCfg = Release|Any CPU
		{C1610152-CBA8-434F-8CB0-68DD505C5877}.Release|x86.Build.0 = Release|Any CPU
		{4EE4AACA-24AF-46D9-8B11-B2ED02277EDC}.Debug|Any CPU.ActiveCfg = Debug|Any CPU
		{4EE4AACA-24AF-46D9-8B11-B2ED02277EDC}.Debug|Any CPU.Build.0 = Debug|Any CPU
		{4EE4AACA-24AF-46D9-8B11-B2ED02277EDC}.Debug|x64.ActiveCfg = Debug|Any CPU
		{4EE4AACA-24AF-46D9-8B11-B2ED02277EDC}.Debug|x64.Build.0 = Debug|Any CPU
		{4EE4AACA-24AF-46D9-8B11-B2ED02277EDC}.Debug|x86.ActiveCfg = Debug|Any CPU
		{4EE4AACA-24AF-46D9-8B11-B2ED02277EDC}.Debug|x86.Build.0 = Debug|Any CPU
		{4EE4AACA-24AF-46D9-8B11-B2ED02277EDC}.Release|Any CPU.ActiveCfg = Release|Any CPU
		{4EE4AACA-24AF-46D9-8B11-B2ED02277EDC}.Release|Any CPU.Build.0 = Release|Any CPU
		{4EE4AACA-24AF-46D9-8B11-B2ED02277EDC}.Release|x64.ActiveCfg = Release|Any CPU
		{4EE4AACA-24AF-46D9-8B11-B2ED02277EDC}.Release|x64.Build.0 = Release|Any CPU
		{4EE4AACA-24AF-46D9-8B11-B2ED02277EDC}.Release|x86.ActiveCfg = Release|Any CPU
		{4EE4AACA-24AF-46D9-8B11-B2ED02277EDC}.Release|x86.Build.0 = Release|Any CPU
		{735C96D0-0217-4D3C-8D67-0F79F7A334DB}.Debug|Any CPU.ActiveCfg = Debug|Any CPU
		{735C96D0-0217-4D3C-8D67-0F79F7A334DB}.Debug|Any CPU.Build.0 = Debug|Any CPU
		{735C96D0-0217-4D3C-8D67-0F79F7A334DB}.Debug|x64.ActiveCfg = Debug|Any CPU
		{735C96D0-0217-4D3C-8D67-0F79F7A334DB}.Debug|x64.Build.0 = Debug|Any CPU
		{735C96D0-0217-4D3C-8D67-0F79F7A334DB}.Debug|x86.ActiveCfg = Debug|Any CPU
		{735C96D0-0217-4D3C-8D67-0F79F7A334DB}.Debug|x86.Build.0 = Debug|Any CPU
		{735C96D0-0217-4D3C-8D67-0F79F7A334DB}.Release|Any CPU.ActiveCfg = Release|Any CPU
		{735C96D0-0217-4D3C-8D67-0F79F7A334DB}.Release|Any CPU.Build.0 = Release|Any CPU
		{735C96D0-0217-4D3C-8D67-0F79F7A334DB}.Release|x64.ActiveCfg = Release|Any CPU
		{735C96D0-0217-4D3C-8D67-0F79F7A334DB}.Release|x64.Build.0 = Release|Any CPU
		{735C96D0-0217-4D3C-8D67-0F79F7A334DB}.Release|x86.ActiveCfg = Release|Any CPU
		{735C96D0-0217-4D3C-8D67-0F79F7A334DB}.Release|x86.Build.0 = Release|Any CPU
		{0D49E157-9ED8-46D2-BB59-F7F5CD9A2542}.Debug|Any CPU.ActiveCfg = Debug|Any CPU
		{0D49E157-9ED8-46D2-BB59-F7F5CD9A2542}.Debug|Any CPU.Build.0 = Debug|Any CPU
		{0D49E157-9ED8-46D2-BB59-F7F5CD9A2542}.Debug|x64.ActiveCfg = Debug|Any CPU
		{0D49E157-9ED8-46D2-BB59-F7F5CD9A2542}.Debug|x64.Build.0 = Debug|Any CPU
		{0D49E157-9ED8-46D2-BB59-F7F5CD9A2542}.Debug|x86.ActiveCfg = Debug|Any CPU
		{0D49E157-9ED8-46D2-BB59-F7F5CD9A2542}.Debug|x86.Build.0 = Debug|Any CPU
		{0D49E157-9ED8-46D2-BB59-F7F5CD9A2542}.Release|Any CPU.ActiveCfg = Release|Any CPU
		{0D49E157-9ED8-46D2-BB59-F7F5CD9A2542}.Release|Any CPU.Build.0 = Release|Any CPU
		{0D49E157-9ED8-46D2-BB59-F7F5CD9A2542}.Release|x64.ActiveCfg = Release|Any CPU
		{0D49E157-9ED8-46D2-BB59-F7F5CD9A2542}.Release|x64.Build.0 = Release|Any CPU
		{0D49E157-9ED8-46D2-BB59-F7F5CD9A2542}.Release|x86.ActiveCfg = Release|Any CPU
		{0D49E157-9ED8-46D2-BB59-F7F5CD9A2542}.Release|x86.Build.0 = Release|Any CPU
		{3F3F6E5D-5CD9-4E83-B1D0-63071FBA364C}.Debug|Any CPU.ActiveCfg = Debug|Any CPU
		{3F3F6E5D-5CD9-4E83-B1D0-63071FBA364C}.Debug|Any CPU.Build.0 = Debug|Any CPU
		{3F3F6E5D-5CD9-4E83-B1D0-63071FBA364C}.Debug|x64.ActiveCfg = Debug|Any CPU
		{3F3F6E5D-5CD9-4E83-B1D0-63071FBA364C}.Debug|x64.Build.0 = Debug|Any CPU
		{3F3F6E5D-5CD9-4E83-B1D0-63071FBA364C}.Debug|x86.ActiveCfg = Debug|Any CPU
		{3F3F6E5D-5CD9-4E83-B1D0-63071FBA364C}.Debug|x86.Build.0 = Debug|Any CPU
		{3F3F6E5D-5CD9-4E83-B1D0-63071FBA364C}.Release|Any CPU.ActiveCfg = Release|Any CPU
		{3F3F6E5D-5CD9-4E83-B1D0-63071FBA364C}.Release|Any CPU.Build.0 = Release|Any CPU
		{3F3F6E5D-5CD9-4E83-B1D0-63071FBA364C}.Release|x64.ActiveCfg = Release|Any CPU
		{3F3F6E5D-5CD9-4E83-B1D0-63071FBA364C}.Release|x64.Build.0 = Release|Any CPU
		{3F3F6E5D-5CD9-4E83-B1D0-63071FBA364C}.Release|x86.ActiveCfg = Release|Any CPU
		{3F3F6E5D-5CD9-4E83-B1D0-63071FBA364C}.Release|x86.Build.0 = Release|Any CPU
	EndGlobalSection
	GlobalSection(SolutionProperties) = preSolution
		HideSolutionNode = FALSE
	EndGlobalSection
	GlobalSection(NestedProjects) = preSolution
		{C1610152-CBA8-434F-8CB0-68DD505C5877} = {827E0CD3-B72D-47B6-A68D-7590B98EB39B}
		{4EE4AACA-24AF-46D9-8B11-B2ED02277EDC} = {827E0CD3-B72D-47B6-A68D-7590B98EB39B}
		{735C96D0-0217-4D3C-8D67-0F79F7A334DB} = {827E0CD3-B72D-47B6-A68D-7590B98EB39B}
		{0D49E157-9ED8-46D2-BB59-F7F5CD9A2542} = {827E0CD3-B72D-47B6-A68D-7590B98EB39B}
		{3F3F6E5D-5CD9-4E83-B1D0-63071FBA364C} = {C56D534F-80F1-46DA-A4C4-C422C02D7819}
	EndGlobalSection
EndGlobal
